
Microsoft Visual Studio Solution File, Format Version 12.00
# Visual Studio Version 17
VisualStudioVersion = 17.9.34607.119
MinimumVisualStudioVersion = 10.0.40219.1
Project("{FAE04EC0-301F-11D3-BF4B-00C04F79EFBC}") = "CS_HW_3", "CS_HW_3\CS_HW_3.csproj", "{AB0004F8-EE17-4AEB-B64C-0F97735507EC}"
EndProject
Global
	GlobalSection(SolutionConfigurationPlatforms) = preSolution
		Debug|Any CPU = Debug|Any CPU
		Release|Any CPU = Release|Any CPU
	EndGlobalSection
	GlobalSection(ProjectConfigurationPlatforms) = postSolution
		{AB0004F8-EE17-4AEB-B64C-0F97735507EC}.Debug|Any CPU.ActiveCfg = Debug|Any CPU
		{AB0004F8-EE17-4AEB-B64C-0F97735507EC}.Debug|Any CPU.Build.0 = Debug|Any CPU
		{AB0004F8-EE17-4AEB-B64C-0F97735507EC}.Release|Any CPU.ActiveCfg = Release|Any CPU
		{AB0004F8-EE17-4AEB-B64C-0F97735507EC}.Release|Any CPU.Build.0 = Release|Any CPU
	EndGlobalSection
	GlobalSection(SolutionProperties) = preSolution
		HideSolutionNode = FALSE
	EndGlobalSection
	GlobalSection(ExtensibilityGlobals) = postSolution
		SolutionGuid = {D48F10D8-E021-4B74-BBA7-5CD0EBFAB037}
	EndGlobalSection
EndGlobal
